
Microsoft Visual Studio Solution File, Format Version 12.00
# Visual Studio Version 17
VisualStudioVersion = 17.4.33122.133
MinimumVisualStudioVersion = 10.0.40219.1
Project("{9A19103F-16F7-4668-BE54-9A1E7A4F7556}") = "eCinema", "eCinema\eCinema.csproj", "{068EF436-3632-44D7-86A6-E3D9F1E17AD1}"
EndProject
Project("{9A19103F-16F7-4668-BE54-9A1E7A4F7556}") = "eCinema.Core", "eCinema.Core\eCinema.Core.csproj", "{DF503294-7B89-4EC1-99E0-A412A507231D}"
EndProject
Project("{9A19103F-16F7-4668-BE54-9A1E7A4F7556}") = "eCinema.Repository", "eCinema.Repository\eCinema.Repository.csproj", "{453DC241-6BDF-4AE4-9845-F71DFB99EDF2}"
EndProject
Project("{9A19103F-16F7-4668-BE54-9A1E7A4F7556}") = "eCinema.Service", "eCinema.Service\eCinema.Service.csproj", "{AE863914-6FD1-4043-B7A3-D9100A78F7F0}"
EndProject
Global
	GlobalSection(SolutionConfigurationPlatforms) = preSolution
		Debug|Any CPU = Debug|Any CPU
		Release|Any CPU = Release|Any CPU
	EndGlobalSection
	GlobalSection(ProjectConfigurationPlatforms) = postSolution
		{068EF436-3632-44D7-86A6-E3D9F1E17AD1}.Debug|Any CPU.ActiveCfg = Debug|Any CPU
		{068EF436-3632-44D7-86A6-E3D9F1E17AD1}.Debug|Any CPU.Build.0 = Debug|Any CPU
		{068EF436-3632-44D7-86A6-E3D9F1E17AD1}.Release|Any CPU.ActiveCfg = Release|Any CPU
		{068EF436-3632-44D7-86A6-E3D9F1E17AD1}.Release|Any CPU.Build.0 = Release|Any CPU
		{DF503294-7B89-4EC1-99E0-A412A507231D}.Debug|Any CPU.ActiveCfg = Debug|Any CPU
		{DF503294-7B89-4EC1-99E0-A412A507231D}.Debug|Any CPU.Build.0 = Debug|Any CPU
		{DF503294-7B89-4EC1-99E0-A412A507231D}.Release|Any CPU.ActiveCfg = Release|Any CPU
		{DF503294-7B89-4EC1-99E0-A412A507231D}.Release|Any CPU.Build.0 = Release|Any CPU
		{453DC241-6BDF-4AE4-9845-F71DFB99EDF2}.Debug|Any CPU.ActiveCfg = Debug|Any CPU
		{453DC241-6BDF-4AE4-9845-F71DFB99EDF2}.Debug|Any CPU.Build.0 = Debug|Any CPU
		{453DC241-6BDF-4AE4-9845-F71DFB99EDF2}.Release|Any CPU.ActiveCfg = Release|Any CPU
		{453DC241-6BDF-4AE4-9845-F71DFB99EDF2}.Release|Any CPU.Build.0 = Release|Any CPU
		{AE863914-6FD1-4043-B7A3-D9100A78F7F0}.Debug|Any CPU.ActiveCfg = Debug|Any CPU
		{AE863914-6FD1-4043-B7A3-D9100A78F7F0}.Debug|Any CPU.Build.0 = Debug|Any CPU
		{AE863914-6FD1-4043-B7A3-D9100A78F7F0}.Release|Any CPU.ActiveCfg = Release|Any CPU
		{AE863914-6FD1-4043-B7A3-D9100A78F7F0}.Release|Any CPU.Build.0 = Release|Any CPU
	EndGlobalSection
	GlobalSection(SolutionProperties) = preSolution
		HideSolutionNode = FALSE
	EndGlobalSection
	GlobalSection(ExtensibilityGlobals) = postSolution
		SolutionGuid = {873289E5-24AD-406F-BC44-E66C7D9F2C75}
	EndGlobalSection
EndGlobal
